// !$*UTF8*$!
{
	archiveVersion = 1;
	classes = {
	};
	objectVersion = 46;
	objects = {

/* Begin PBXBuildFile section */
		8416BD261C2D7E9900DB04F6 /* WallpaperManager.swift in Sources */ = {isa = PBXBuildFile; fileRef = 8416BD251C2D7E9900DB04F6 /* WallpaperManager.swift */; };
		8467B8EA1BFE6C6D00861561 /* main.swift in Sources */ = {isa = PBXBuildFile; fileRef = 8467B8E91BFE6C6D00861561 /* main.swift */; };
		847E35BC1F2DE19400A1FE45 /* CommandLine.swift in Sources */ = {isa = PBXBuildFile; fileRef = 847E35B91F2DE19400A1FE45 /* CommandLine.swift */; };
		847E35BD1F2DE19400A1FE45 /* Option.swift in Sources */ = {isa = PBXBuildFile; fileRef = 847E35BA1F2DE19400A1FE45 /* Option.swift */; };
		847E35BE1F2DE19400A1FE45 /* StringExtensions.swift in Sources */ = {isa = PBXBuildFile; fileRef = 847E35BB1F2DE19400A1FE45 /* StringExtensions.swift */; };
		847E35C11F2DE43800A1FE45 /* EnumCollection.swift in Sources */ = {isa = PBXBuildFile; fileRef = 847E35C01F2DE43800A1FE45 /* EnumCollection.swift */; };
		84A14A071C2D9F02004E9D87 /* DayTime.swift in Sources */ = {isa = PBXBuildFile; fileRef = 84A14A061C2D9F02004E9D87 /* DayTime.swift */; };
		84AF94661C2DA2EA00BE2F73 /* WallpaperGroup.swift in Sources */ = {isa = PBXBuildFile; fileRef = 84AF94651C2DA2EA00BE2F73 /* WallpaperGroup.swift */; };
		84AF94681C2DA31400BE2F73 /* Wallpaper.swift in Sources */ = {isa = PBXBuildFile; fileRef = 84AF94671C2DA31400BE2F73 /* Wallpaper.swift */; };
		84AF946A1C2DA3F100BE2F73 /* Filemanager+VisibleFiles.swift in Sources */ = {isa = PBXBuildFile; fileRef = 84AF94691C2DA3F100BE2F73 /* Filemanager+VisibleFiles.swift */; };
		84AF946C1C2DA40B00BE2F73 /* FileManager+VisibleFolders.swift in Sources */ = {isa = PBXBuildFile; fileRef = 84AF946B1C2DA40B00BE2F73 /* FileManager+VisibleFolders.swift */; };
/* End PBXBuildFile section */

/* Begin PBXCopyFilesBuildPhase section */
		8467B8E41BFE6C6D00861561 /* CopyFiles */ = {
			isa = PBXCopyFilesBuildPhase;
			buildActionMask = 2147483647;
			dstPath = /usr/share/man/man1/;
			dstSubfolderSpec = 0;
			files = (
			);
			runOnlyForDeploymentPostprocessing = 1;
		};
/* End PBXCopyFilesBuildPhase section */

/* Begin PBXFileReference section */
		8416BD251C2D7E9900DB04F6 /* WallpaperManager.swift */ = {isa = PBXFileReference; fileEncoding = 4; lastKnownFileType = sourcecode.swift; path = WallpaperManager.swift; sourceTree = "<group>"; };
		8467B8E61BFE6C6D00861561 /* wallpaperTimer */ = {isa = PBXFileReference; explicitFileType = "compiled.mach-o.executable"; includeInIndex = 0; path = wallpaperTimer; sourceTree = BUILT_PRODUCTS_DIR; };
		8467B8E91BFE6C6D00861561 /* main.swift */ = {isa = PBXFileReference; lastKnownFileType = sourcecode.swift; path = main.swift; sourceTree = "<group>"; };
		847E35B71F2DE0A400A1FE45 /* BuildScripts */ = {isa = PBXFileReference; lastKnownFileType = folder; path = BuildScripts; sourceTree = SOURCE_ROOT; };
		847E35B91F2DE19400A1FE45 /* CommandLine.swift */ = {isa = PBXFileReference; fileEncoding = 4; lastKnownFileType = sourcecode.swift; name = CommandLine.swift; path = Dependencies/CommandLine/CommandLine.swift; sourceTree = SOURCE_ROOT; };
		847E35BA1F2DE19400A1FE45 /* Option.swift */ = {isa = PBXFileReference; fileEncoding = 4; lastKnownFileType = sourcecode.swift; name = Option.swift; path = Dependencies/CommandLine/Option.swift; sourceTree = SOURCE_ROOT; };
		847E35BB1F2DE19400A1FE45 /* StringExtensions.swift */ = {isa = PBXFileReference; fileEncoding = 4; lastKnownFileType = sourcecode.swift; name = StringExtensions.swift; path = Dependencies/CommandLine/StringExtensions.swift; sourceTree = SOURCE_ROOT; };
		847E35C01F2DE43800A1FE45 /* EnumCollection.swift */ = {isa = PBXFileReference; fileEncoding = 4; lastKnownFileType = sourcecode.swift; path = EnumCollection.swift; sourceTree = "<group>"; };
		84A14A061C2D9F02004E9D87 /* DayTime.swift */ = {isa = PBXFileReference; fileEncoding = 4; lastKnownFileType = sourcecode.swift; path = DayTime.swift; sourceTree = "<group>"; };
		84AF94651C2DA2EA00BE2F73 /* WallpaperGroup.swift */ = {isa = PBXFileReference; fileEncoding = 4; lastKnownFileType = sourcecode.swift; path = WallpaperGroup.swift; sourceTree = "<group>"; };
		84AF94671C2DA31400BE2F73 /* Wallpaper.swift */ = {isa = PBXFileReference; fileEncoding = 4; lastKnownFileType = sourcecode.swift; path = Wallpaper.swift; sourceTree = "<group>"; };
		84AF94691C2DA3F100BE2F73 /* Filemanager+VisibleFiles.swift */ = {isa = PBXFileReference; fileEncoding = 4; lastKnownFileType = sourcecode.swift; path = "Filemanager+VisibleFiles.swift"; sourceTree = "<group>"; };
		84AF946B1C2DA40B00BE2F73 /* FileManager+VisibleFolders.swift */ = {isa = PBXFileReference; fileEncoding = 4; lastKnownFileType = sourcecode.swift; path = "FileManager+VisibleFolders.swift"; sourceTree = "<group>"; };
/* End PBXFileReference section */

/* Begin PBXFrameworksBuildPhase section */
		8467B8E31BFE6C6D00861561 /* Frameworks */ = {
			isa = PBXFrameworksBuildPhase;
			buildActionMask = 2147483647;
			files = (
			);
			runOnlyForDeploymentPostprocessing = 0;
		};
/* End PBXFrameworksBuildPhase section */

/* Begin PBXGroup section */
		8467B8DD1BFE6C6D00861561 = {
			isa = PBXGroup;
			children = (
				8467B8E71BFE6C6D00861561 /* Products */,
				8467B8E81BFE6C6D00861561 /* wallpaperTimer */,
			);
			indentWidth = 2;
			sourceTree = "<group>";
			tabWidth = 2;
		};
		8467B8E71BFE6C6D00861561 /* Products */ = {
			isa = PBXGroup;
			children = (
				8467B8E61BFE6C6D00861561 /* wallpaperTimer */,
			);
			name = Products;
			sourceTree = "<group>";
		};
		8467B8E81BFE6C6D00861561 /* wallpaperTimer */ = {
			isa = PBXGroup;
			children = (
				847E35B71F2DE0A400A1FE45 /* BuildScripts */,
				847D27DA1C2DC2460086EB81 /* CommandLine */,
				847D27D91C2DC1470086EB81 /* Extensions */,
				847D27D71C2DC1350086EB81 /* Manager */,
				847D27D81C2DC13B0086EB81 /* Model */,
				847E35BF1F2DE42500A1FE45 /* Protocols */,
				8467B8E91BFE6C6D00861561 /* main.swift */,
			);
			path = wallpaperTimer;
			sourceTree = "<group>";
		};
		847D27D71C2DC1350086EB81 /* Manager */ = {
			isa = PBXGroup;
			children = (
				8416BD251C2D7E9900DB04F6 /* WallpaperManager.swift */,
			);
			path = Manager;
			sourceTree = "<group>";
		};
		847D27D81C2DC13B0086EB81 /* Model */ = {
			isa = PBXGroup;
			children = (
				84A14A061C2D9F02004E9D87 /* DayTime.swift */,
				84AF94671C2DA31400BE2F73 /* Wallpaper.swift */,
				84AF94651C2DA2EA00BE2F73 /* WallpaperGroup.swift */,
			);
			path = Model;
			sourceTree = "<group>";
		};
		847D27D91C2DC1470086EB81 /* Extensions */ = {
			isa = PBXGroup;
			children = (
				84AF946B1C2DA40B00BE2F73 /* FileManager+VisibleFolders.swift */,
				84AF94691C2DA3F100BE2F73 /* Filemanager+VisibleFiles.swift */,
			);
			path = Extensions;
			sourceTree = "<group>";
		};
		847D27DA1C2DC2460086EB81 /* CommandLine */ = {
			isa = PBXGroup;
			children = (
				847E35B91F2DE19400A1FE45 /* CommandLine.swift */,
				847E35BA1F2DE19400A1FE45 /* Option.swift */,
				847E35BB1F2DE19400A1FE45 /* StringExtensions.swift */,
			);
			path = CommandLine;
			sourceTree = "<group>";
		};
		847E35BF1F2DE42500A1FE45 /* Protocols */ = {
			isa = PBXGroup;
			children = (
				847E35C01F2DE43800A1FE45 /* EnumCollection.swift */,
			);
			name = Protocols;
			sourceTree = "<group>";
		};
/* End PBXGroup section */

/* Begin PBXNativeTarget section */
		8467B8E51BFE6C6D00861561 /* wallpaperTimer */ = {
			isa = PBXNativeTarget;
			buildConfigurationList = 8467B8ED1BFE6C6D00861561 /* Build configuration list for PBXNativeTarget "wallpaperTimer" */;
			buildPhases = (
				847E35B81F2DE11000A1FE45 /* PreCompile */,
				8467B8E21BFE6C6D00861561 /* Sources */,
				8467B8E31BFE6C6D00861561 /* Frameworks */,
				8467B8E41BFE6C6D00861561 /* CopyFiles */,
			);
			buildRules = (
			);
			dependencies = (
			);
			name = wallpaperTimer;
			productName = wallpaperTimer;
			productReference = 8467B8E61BFE6C6D00861561 /* wallpaperTimer */;
			productType = "com.apple.product-type.tool";
		};
/* End PBXNativeTarget section */

/* Begin PBXProject section */
		8467B8DE1BFE6C6D00861561 /* Project object */ = {
			isa = PBXProject;
			attributes = {
				LastSwiftUpdateCheck = 0710;
				LastUpgradeCheck = 0830;
				ORGANIZATIONNAME = wlutz;
				TargetAttributes = {
					8467B8E51BFE6C6D00861561 = {
						CreatedOnToolsVersion = 7.1.1;
						LastSwiftMigration = 0830;
					};
				};
			};
			buildConfigurationList = 8467B8E11BFE6C6D00861561 /* Build configuration list for PBXProject "wallpaperTimer" */;
			compatibilityVersion = "Xcode 3.2";
			developmentRegion = English;
			hasScannedForEncodings = 0;
			knownRegions = (
				en,
			);
			mainGroup = 8467B8DD1BFE6C6D00861561;
			productRefGroup = 8467B8E71BFE6C6D00861561 /* Products */;
			projectDirPath = "";
			projectRoot = "";
			targets = (
				8467B8E51BFE6C6D00861561 /* wallpaperTimer */,
			);
		};
/* End PBXProject section */

/* Begin PBXShellScriptBuildPhase section */
		847E35B81F2DE11000A1FE45 /* PreCompile */ = {
			isa = PBXShellScriptBuildPhase;
			buildActionMask = 2147483647;
			files = (
			);
			inputPaths = (
			);
			name = PreCompile;
			outputPaths = (
			);
			runOnlyForDeploymentPostprocessing = 0;
			shellPath = /bin/sh;
			shellScript = "sh BuildScripts/Phases/CLIPreCompile.sh";
		};
/* End PBXShellScriptBuildPhase section */

/* Begin PBXSourcesBuildPhase section */
		8467B8E21BFE6C6D00861561 /* Sources */ = {
			isa = PBXSourcesBuildPhase;
			buildActionMask = 2147483647;
			files = (
				8416BD261C2D7E9900DB04F6 /* WallpaperManager.swift in Sources */,
				84AF94661C2DA2EA00BE2F73 /* WallpaperGroup.swift in Sources */,
				847E35BD1F2DE19400A1FE45 /* Option.swift in Sources */,
				8467B8EA1BFE6C6D00861561 /* main.swift in Sources */,
				84AF94681C2DA31400BE2F73 /* Wallpaper.swift in Sources */,
				847E35BE1F2DE19400A1FE45 /* StringExtensions.swift in Sources */,
				84AF946C1C2DA40B00BE2F73 /* FileManager+VisibleFolders.swift in Sources */,
				847E35C11F2DE43800A1FE45 /* EnumCollection.swift in Sources */,
				847E35BC1F2DE19400A1FE45 /* CommandLine.swift in Sources */,
				84AF946A1C2DA3F100BE2F73 /* Filemanager+VisibleFiles.swift in Sources */,
				84A14A071C2D9F02004E9D87 /* DayTime.swift in Sources */,
			);
			runOnlyForDeploymentPostprocessing = 0;
		};
/* End PBXSourcesBuildPhase section */

/* Begin XCBuildConfiguration section */
		8467B8EB1BFE6C6D00861561 /* Debug */ = {
			isa = XCBuildConfiguration;
			buildSettings = {
				ALWAYS_SEARCH_USER_PATHS = NO;
				CLANG_CXX_LANGUAGE_STANDARD = "gnu++0x";
				CLANG_CXX_LIBRARY = "libc++";
				CLANG_ENABLE_MODULES = YES;
				CLANG_ENABLE_OBJC_ARC = YES;
				CLANG_WARN_BOOL_CONVERSION = YES;
				CLANG_WARN_CONSTANT_CONVERSION = YES;
				CLANG_WARN_DIRECT_OBJC_ISA_USAGE = YES_ERROR;
				CLANG_WARN_EMPTY_BODY = YES;
				CLANG_WARN_ENUM_CONVERSION = YES;
				CLANG_WARN_INFINITE_RECURSION = YES;
				CLANG_WARN_INT_CONVERSION = YES;
				CLANG_WARN_OBJC_ROOT_CLASS = YES_ERROR;
				CLANG_WARN_SUSPICIOUS_MOVE = YES;
				CLANG_WARN_UNREACHABLE_CODE = YES;
				CLANG_WARN__DUPLICATE_METHOD_MATCH = YES;
				CODE_SIGN_IDENTITY = "-";
				COPY_PHASE_STRIP = NO;
				DEBUG_INFORMATION_FORMAT = dwarf;
				ENABLE_STRICT_OBJC_MSGSEND = YES;
				ENABLE_TESTABILITY = YES;
				GCC_C_LANGUAGE_STANDARD = gnu99;
				GCC_DYNAMIC_NO_PIC = NO;
				GCC_NO_COMMON_BLOCKS = YES;
				GCC_OPTIMIZATION_LEVEL = 0;
				GCC_PREPROCESSOR_DEFINITIONS = (
					"DEBUG=1",
					"$(inherited)",
				);
				GCC_WARN_64_TO_32_BIT_CONVERSION = YES;
				GCC_WARN_ABOUT_RETURN_TYPE = YES_ERROR;
				GCC_WARN_UNDECLARED_SELECTOR = YES;
				GCC_WARN_UNINITIALIZED_AUTOS = YES_AGGRESSIVE;
				GCC_WARN_UNUSED_FUNCTION = YES;
				GCC_WARN_UNUSED_VARIABLE = YES;
				MACOSX_DEPLOYMENT_TARGET = 10.11;
				MTL_ENABLE_DEBUG_INFO = YES;
				ONLY_ACTIVE_ARCH = YES;
				SDKROOT = macosx;
				SWIFT_OPTIMIZATION_LEVEL = "-Onone";
			};
			name = Debug;
		};
		8467B8EC1BFE6C6D00861561 /* Release */ = {
			isa = XCBuildConfiguration;
			buildSettings = {
				ALWAYS_SEARCH_USER_PATHS = NO;
				CLANG_CXX_LANGUAGE_STANDARD = "gnu++0x";
				CLANG_CXX_LIBRARY = "libc++";
				CLANG_ENABLE_MODULES = YES;
				CLANG_ENABLE_OBJC_ARC = YES;
				CLANG_WARN_BOOL_CONVERSION = YES;
				CLANG_WARN_CONSTANT_CONVERSION = YES;
				CLANG_WARN_DIRECT_OBJC_ISA_USAGE = YES_ERROR;
				CLANG_WARN_EMPTY_BODY = YES;
				CLANG_WARN_ENUM_CONVERSION = YES;
				CLANG_WARN_INFINITE_RECURSION = YES;
				CLANG_WARN_INT_CONVERSION = YES;
				CLANG_WARN_OBJC_ROOT_CLASS = YES_ERROR;
				CLANG_WARN_SUSPICIOUS_MOVE = YES;
				CLANG_WARN_UNREACHABLE_CODE = YES;
				CLANG_WARN__DUPLICATE_METHOD_MATCH = YES;
				CODE_SIGN_IDENTITY = "-";
				COPY_PHASE_STRIP = NO;
				DEBUG_INFORMATION_FORMAT = "dwarf-with-dsym";
				ENABLE_NS_ASSERTIONS = NO;
				ENABLE_STRICT_OBJC_MSGSEND = YES;
				GCC_C_LANGUAGE_STANDARD = gnu99;
				GCC_NO_COMMON_BLOCKS = YES;
				GCC_WARN_64_TO_32_BIT_CONVERSION = YES;
				GCC_WARN_ABOUT_RETURN_TYPE = YES_ERROR;
				GCC_WARN_UNDECLARED_SELECTOR = YES;
				GCC_WARN_UNINITIALIZED_AUTOS = YES_AGGRESSIVE;
				GCC_WARN_UNUSED_FUNCTION = YES;
				GCC_WARN_UNUSED_VARIABLE = YES;
				MACOSX_DEPLOYMENT_TARGET = 10.11;
				MTL_ENABLE_DEBUG_INFO = NO;
				SDKROOT = macosx;
				SWIFT_OPTIMIZATION_LEVEL = "-Owholemodule";
			};
			name = Release;
		};
		8467B8EE1BFE6C6D00861561 /* Debug */ = {
			isa = XCBuildConfiguration;
			buildSettings = {
				PRODUCT_NAME = "$(TARGET_NAME)";
				SWIFT_VERSION = 3.0;
			};
			name = Debug;
		};
		8467B8EF1BFE6C6D00861561 /* Release */ = {
			isa = XCBuildConfiguration;
			buildSettings = {
				PRODUCT_NAME = "$(TARGET_NAME)";
				SWIFT_VERSION = 3.0;
			};
			name = Release;
		};
/* End XCBuildConfiguration section */

/* Begin XCConfigurationList section */
		8467B8E11BFE6C6D00861561 /* Build configuration list for PBXProject "wallpaperTimer" */ = {
			isa = XCConfigurationList;
			buildConfigurations = (
				8467B8EB1BFE6C6D00861561 /* Debug */,
				8467B8EC1BFE6C6D00861561 /* Release */,
			);
			defaultConfigurationIsVisible = 0;
			defaultConfigurationName = Release;
		};
		8467B8ED1BFE6C6D00861561 /* Build configuration list for PBXNativeTarget "wallpaperTimer" */ = {
			isa = XCConfigurationList;
			buildConfigurations = (
				8467B8EE1BFE6C6D00861561 /* Debug */,
				8467B8EF1BFE6C6D00861561 /* Release */,
			);
			defaultConfigurationIsVisible = 0;
			defaultConfigurationName = Release;
		};
/* End XCConfigurationList section */
	};
	rootObject = 8467B8DE1BFE6C6D00861561 /* Project object */;
}
